
Microsoft Visual Studio Solution File, Format Version 12.00
# Visual Studio Version 17
VisualStudioVersion = 17.14.36429.23
MinimumVisualStudioVersion = 10.0.40219.1
Project("{FAE04EC0-301F-11D3-BF4B-00C04F79EFBC}") = "Oid85.Documents.Application", "Oid85.Documents.Application\Oid85.Documents.Application.csproj", "{A3F8E5D8-83D5-6FB6-D9B4-646395DB899B}"
EndProject
Project("{FAE04EC0-301F-11D3-BF4B-00C04F79EFBC}") = "Oid85.Documents.Common", "Oid85.Documents.Common\Oid85.Documents.Common.csproj", "{3F00D711-1965-FF81-F1F8-020269CCC2EE}"
EndProject
Project("{FAE04EC0-301F-11D3-BF4B-00C04F79EFBC}") = "Oid85.Documents.Core", "Oid85.Documents.Core\Oid85.Documents.Core.csproj", "{301392CA-3429-F5E4-25FC-71228C3EECD1}"
EndProject
Project("{FAE04EC0-301F-11D3-BF4B-00C04F79EFBC}") = "Oid85.Documents.Infrastructure", "Oid85.Documents.Infrastructure\Oid85.Documents.Infrastructure.csproj", "{A35F334D-DA09-12AD-7CFC-D41C4C32204B}"
EndProject
Project("{FAE04EC0-301F-11D3-BF4B-00C04F79EFBC}") = "Oid85.Documents.WebHost", "Oid85.Documents.WebHost\Oid85.Documents.WebHost.csproj", "{6DF825E0-3736-5D92-6800-4DA411D7DB05}"
EndProject
Global
	GlobalSection(SolutionConfigurationPlatforms) = preSolution
		Debug|Any CPU = Debug|Any CPU
		Release|Any CPU = Release|Any CPU
	EndGlobalSection
	GlobalSection(ProjectConfigurationPlatforms) = postSolution
		{A3F8E5D8-83D5-6FB6-D9B4-646395DB899B}.Debug|Any CPU.ActiveCfg = Debug|Any CPU
		{A3F8E5D8-83D5-6FB6-D9B4-646395DB899B}.Debug|Any CPU.Build.0 = Debug|Any CPU
		{A3F8E5D8-83D5-6FB6-D9B4-646395DB899B}.Release|Any CPU.ActiveCfg = Release|Any CPU
		{A3F8E5D8-83D5-6FB6-D9B4-646395DB899B}.Release|Any CPU.Build.0 = Release|Any CPU
		{3F00D711-1965-FF81-F1F8-020269CCC2EE}.Debug|Any CPU.ActiveCfg = Debug|Any CPU
		{3F00D711-1965-FF81-F1F8-020269CCC2EE}.Debug|Any CPU.Build.0 = Debug|Any CPU
		{3F00D711-1965-FF81-F1F8-020269CCC2EE}.Release|Any CPU.ActiveCfg = Release|Any CPU
		{3F00D711-1965-FF81-F1F8-020269CCC2EE}.Release|Any CPU.Build.0 = Release|Any CPU
		{301392CA-3429-F5E4-25FC-71228C3EECD1}.Debug|Any CPU.ActiveCfg = Debug|Any CPU
		{301392CA-3429-F5E4-25FC-71228C3EECD1}.Debug|Any CPU.Build.0 = Debug|Any CPU
		{301392CA-3429-F5E4-25FC-71228C3EECD1}.Release|Any CPU.ActiveCfg = Release|Any CPU
		{301392CA-3429-F5E4-25FC-71228C3EECD1}.Release|Any CPU.Build.0 = Release|Any CPU
		{A35F334D-DA09-12AD-7CFC-D41C4C32204B}.Debug|Any CPU.ActiveCfg = Debug|Any CPU
		{A35F334D-DA09-12AD-7CFC-D41C4C32204B}.Debug|Any CPU.Build.0 = Debug|Any CPU
		{A35F334D-DA09-12AD-7CFC-D41C4C32204B}.Release|Any CPU.ActiveCfg = Release|Any CPU
		{A35F334D-DA09-12AD-7CFC-D41C4C32204B}.Release|Any CPU.Build.0 = Release|Any CPU
		{6DF825E0-3736-5D92-6800-4DA411D7DB05}.Debug|Any CPU.ActiveCfg = Debug|Any CPU
		{6DF825E0-3736-5D92-6800-4DA411D7DB05}.Debug|Any CPU.Build.0 = Debug|Any CPU
		{6DF825E0-3736-5D92-6800-4DA411D7DB05}.Release|Any CPU.ActiveCfg = Release|Any CPU
		{6DF825E0-3736-5D92-6800-4DA411D7DB05}.Release|Any CPU.Build.0 = Release|Any CPU
	EndGlobalSection
	GlobalSection(SolutionProperties) = preSolution
		HideSolutionNode = FALSE
	EndGlobalSection
	GlobalSection(ExtensibilityGlobals) = postSolution
		SolutionGuid = {B84FA9FC-06B1-46F1-92F9-39E0612292EA}
	EndGlobalSection
EndGlobal
